
Microsoft Visual Studio Solution File, Format Version 12.00
# Visual Studio Version 16
VisualStudioVersion = 16.0.30717.126
MinimumVisualStudioVersion = 10.0.40219.1
Project("{888888A0-9F3D-457C-B088-3A5042F75D52}") = "Connect4V1", "Connect4V1\Connect4V1.pyproj", "{C51AE9C0-B409-472F-A807-CF373020FAB0}"
EndProject
Global
	GlobalSection(SolutionConfigurationPlatforms) = preSolution
		Debug|Any CPU = Debug|Any CPU
		Release|Any CPU = Release|Any CPU
	EndGlobalSection
	GlobalSection(ProjectConfigurationPlatforms) = postSolution
		{C51AE9C0-B409-472F-A807-CF373020FAB0}.Debug|Any CPU.ActiveCfg = Debug|Any CPU
		{C51AE9C0-B409-472F-A807-CF373020FAB0}.Release|Any CPU.ActiveCfg = Release|Any CPU
	EndGlobalSection
	GlobalSection(SolutionProperties) = preSolution
		HideSolutionNode = FALSE
	EndGlobalSection
	GlobalSection(ExtensibilityGlobals) = postSolution
		SolutionGuid = {E7091465-25DE-470F-B732-237F7DFD7ADA}
	EndGlobalSection
EndGlobal
